{
	"name": "@leonardpauli/utils",
	"version": "0.1.6",
	"lockfileVersion": 1,
	"requires": true,
	"dependencies": {
		"@leonardpauli/eslint-config": {
			"version": "0.1.3",
			"resolved": "https://registry.npmjs.org/@leonardpauli/eslint-config/-/eslint-config-0.1.3.tgz",
			"integrity": "sha512-l5g41oumXbhxVnjuje67upUeEDzPtk2EareS+fQ6MmDqwg5DcE+19tCwT5JRzixk8P0d2VOVsv1J/1cMugX0Vw==",
			"dev": true
		}
	}
}
